
Microsoft Visual Studio Solution File, Format Version 12.00
# Visual Studio 14
VisualStudioVersion = 14.0.24720.0
MinimumVisualStudioVersion = 10.0.40219.1
Project("{FAE04EC0-301F-11D3-BF4B-00C04F79EFBC}") = "AspNetIdentity", "AspNetIdentity\AspNetIdentity.csproj", "{852CF5D8-EE78-4A42-909B-5C0C50F289CA}"
EndProject
Project("{FAE04EC0-301F-11D3-BF4B-00C04F79EFBC}") = "IdentityLibrary", "IdentityLibrary\IdentityLibrary.csproj", "{0B7C5DBF-1868-4819-AB04-264331D881EB}"
EndProject
Global
	GlobalSection(SolutionConfigurationPlatforms) = preSolution
		Debug|Any CPU = Debug|Any CPU
		Release|Any CPU = Release|Any CPU
	EndGlobalSection
	GlobalSection(ProjectConfigurationPlatforms) = postSolution
		{852CF5D8-EE78-4A42-909B-5C0C50F289CA}.Debug|Any CPU.ActiveCfg = Debug|Any CPU
		{852CF5D8-EE78-4A42-909B-5C0C50F289CA}.Debug|Any CPU.Build.0 = Debug|Any CPU
		{852CF5D8-EE78-4A42-909B-5C0C50F289CA}.Release|Any CPU.ActiveCfg = Release|Any CPU
		{852CF5D8-EE78-4A42-909B-5C0C50F289CA}.Release|Any CPU.Build.0 = Release|Any CPU
		{0B7C5DBF-1868-4819-AB04-264331D881EB}.Debug|Any CPU.ActiveCfg = Debug|Any CPU
		{0B7C5DBF-1868-4819-AB04-264331D881EB}.Debug|Any CPU.Build.0 = Debug|Any CPU
		{0B7C5DBF-1868-4819-AB04-264331D881EB}.Release|Any CPU.ActiveCfg = Release|Any CPU
		{0B7C5DBF-1868-4819-AB04-264331D881EB}.Release|Any CPU.Build.0 = Release|Any CPU
	EndGlobalSection
	GlobalSection(SolutionProperties) = preSolution
		HideSolutionNode = FALSE
	EndGlobalSection
EndGlobal
